
Microsoft Visual Studio Solution File, Format Version 12.00
# Visual Studio Version 16
VisualStudioVersion = 16.0.32106.194
MinimumVisualStudioVersion = 10.0.40219.1
Project("{FAE04EC0-301F-11D3-BF4B-00C04F79EFBC}") = "pmub.UWP", "pmub.UWP\pmub.UWP.csproj", "{C2AF2925-FF02-4831-AAC1-C035B022BEC5}"
EndProject
Project("{FAE04EC0-301F-11D3-BF4B-00C04F79EFBC}") = "pmub.Android", "pmub.Android\pmub.Android.csproj", "{763096AD-9D29-4893-94A6-BEA956B326B1}"
EndProject
Project("{FAE04EC0-301F-11D3-BF4B-00C04F79EFBC}") = "pmub.iOS", "pmub.iOS\pmub.iOS.csproj", "{1A042CDF-DE12-419A-8160-E1E0D4E4EB38}"
EndProject
Project("{FAE04EC0-301F-11D3-BF4B-00C04F79EFBC}") = "pmub", "pmub\pmub.csproj", "{3F1A7FDA-7C7B-4F74-814D-2048AF705618}"
EndProject
Global
	GlobalSection(SolutionConfigurationPlatforms) = preSolution
		Debug|Any CPU = Debug|Any CPU
		Debug|ARM = Debug|ARM
		Debug|iPhone = Debug|iPhone
		Debug|iPhoneSimulator = Debug|iPhoneSimulator
		Debug|x64 = Debug|x64
		Debug|x86 = Debug|x86
		Release|Any CPU = Release|Any CPU
		Release|ARM = Release|ARM
		Release|iPhone = Release|iPhone
		Release|iPhoneSimulator = Release|iPhoneSimulator
		Release|x64 = Release|x64
		Release|x86 = Release|x86
	EndGlobalSection
	GlobalSection(ProjectConfigurationPlatforms) = postSolution
		{C2AF2925-FF02-4831-AAC1-C035B022BEC5}.Debug|Any CPU.ActiveCfg = Debug|x86
		{C2AF2925-FF02-4831-AAC1-C035B022BEC5}.Debug|Any CPU.Build.0 = Debug|x86
		{C2AF2925-FF02-4831-AAC1-C035B022BEC5}.Debug|Any CPU.Deploy.0 = Debug|x86
		{C2AF2925-FF02-4831-AAC1-C035B022BEC5}.Debug|ARM.ActiveCfg = Debug|ARM
		{C2AF2925-FF02-4831-AAC1-C035B022BEC5}.Debug|ARM.Build.0 = Debug|ARM
		{C2AF2925-FF02-4831-AAC1-C035B022BEC5}.Debug|ARM.Deploy.0 = Debug|ARM
		{C2AF2925-FF02-4831-AAC1-C035B022BEC5}.Debug|iPhone.ActiveCfg = Debug|x86
		{C2AF2925-FF02-4831-AAC1-C035B022BEC5}.Debug|iPhone.Build.0 = Debug|x86
		{C2AF2925-FF02-4831-AAC1-C035B022BEC5}.Debug|iPhone.Deploy.0 = Debug|x86
		{C2AF2925-FF02-4831-AAC1-C035B022BEC5}.Debug|iPhoneSimulator.ActiveCfg = Debug|x86
		{C2AF2925-FF02-4831-AAC1-C035B022BEC5}.Debug|iPhoneSimulator.Build.0 = Debug|x86
		{C2AF2925-FF02-4831-AAC1-C035B022BEC5}.Debug|iPhoneSimulator.Deploy.0 = Debug|x86
		{C2AF2925-FF02-4831-AAC1-C035B022BEC5}.Debug|x64.ActiveCfg = Debug|x64
		{C2AF2925-FF02-4831-AAC1-C035B022BEC5}.Debug|x64.Build.0 = Debug|x64
		{C2AF2925-FF02-4831-AAC1-C035B022BEC5}.Debug|x64.Deploy.0 = Debug|x64
		{C2AF2925-FF02-4831-AAC1-C035B022BEC5}.Debug|x86.ActiveCfg = Debug|x86
		{C2AF2925-FF02-4831-AAC1-C035B022BEC5}.Debug|x86.Build.0 = Debug|x86
		{C2AF2925-FF02-4831-AAC1-C035B022BEC5}.Debug|x86.Deploy.0 = Debug|x86
		{C2AF2925-FF02-4831-AAC1-C035B022BEC5}.Release|Any CPU.ActiveCfg = Release|x86
		{C2AF2925-FF02-4831-AAC1-C035B022BEC5}.Release|Any CPU.Build.0 = Release|x86
		{C2AF2925-FF02-4831-AAC1-C035B022BEC5}.Release|Any CPU.Deploy.0 = Release|x86
		{C2AF2925-FF02-4831-AAC1-C035B022BEC5}.Release|ARM.ActiveCfg = Release|ARM
		{C2AF2925-FF02-4831-AAC1-C035B022BEC5}.Release|ARM.Build.0 = Release|ARM
		{C2AF2925-FF02-4831-AAC1-C035B022BEC5}.Release|ARM.Deploy.0 = Release|ARM
		{C2AF2925-FF02-4831-AAC1-C035B022BEC5}.Release|iPhone.ActiveCfg = Release|x86
		{C2AF2925-FF02-4831-AAC1-C035B022BEC5}.Release|iPhone.Build.0 = Release|x86
		{C2AF2925-FF02-4831-AAC1-C035B022BEC5}.Release|iPhone.Deploy.0 = Release|x86
		{C2AF2925-FF02-4831-AAC1-C035B022BEC5}.Release|iPhoneSimulator.ActiveCfg = Release|x86
		{C2AF2925-FF02-4831-AAC1-C035B022BEC5}.Release|iPhoneSimulator.Build.0 = Release|x86
		{C2AF2925-FF02-4831-AAC1-C035B022BEC5}.Release|iPhoneSimulator.Deploy.0 = Release|x86
		{C2AF2925-FF02-4831-AAC1-C035B022BEC5}.Release|x64.ActiveCfg = Release|x64
		{C2AF2925-FF02-4831-AAC1-C035B022BEC5}.Release|x64.Build.0 = Release|x64
		{C2AF2925-FF02-4831-AAC1-C035B022BEC5}.Release|x64.Deploy.0 = Release|x64
		{C2AF2925-FF02-4831-AAC1-C035B022BEC5}.Release|x86.ActiveCfg = Release|x86
		{C2AF2925-FF02-4831-AAC1-C035B022BEC5}.Release|x86.Build.0 = Release|x86
		{C2AF2925-FF02-4831-AAC1-C035B022BEC5}.Release|x86.Deploy.0 = Release|x86
		{763096AD-9D29-4893-94A6-BEA956B326B1}.Debug|Any CPU.ActiveCfg = Debug|Any CPU
		{763096AD-9D29-4893-94A6-BEA956B326B1}.Debug|Any CPU.Build.0 = Debug|Any CPU
		{763096AD-9D29-4893-94A6-BEA956B326B1}.Debug|Any CPU.Deploy.0 = Debug|Any CPU
		{763096AD-9D29-4893-94A6-BEA956B326B1}.Debug|ARM.ActiveCfg = Debug|Any CPU
		{763096AD-9D29-4893-94A6-BEA956B326B1}.Debug|ARM.Build.0 = Debug|Any CPU
		{763096AD-9D29-4893-94A6-BEA956B326B1}.Debug|ARM.Deploy.0 = Debug|Any CPU
		{763096AD-9D29-4893-94A6-BEA956B326B1}.Debug|iPhone.ActiveCfg = Debug|Any CPU
		{763096AD-9D29-4893-94A6-BEA956B326B1}.Debug|iPhone.Build.0 = Debug|Any CPU
		{763096AD-9D29-4893-94A6-BEA956B326B1}.Debug|iPhone.Deploy.0 = Debug|Any CPU
		{763096AD-9D29-4893-94A6-BEA956B326B1}.Debug|iPhoneSimulator.ActiveCfg = Debug|Any CPU
		{763096AD-9D29-4893-94A6-BEA956B326B1}.Debug|iPhoneSimulator.Build.0 = Debug|Any CPU
		{763096AD-9D29-4893-94A6-BEA956B326B1}.Debug|iPhoneSimulator.Deploy.0 = Debug|Any CPU
		{763096AD-9D29-4893-94A6-BEA956B326B1}.Debug|x64.ActiveCfg = Debug|Any CPU
		{763096AD-9D29-4893-94A6-BEA956B326B1}.Debug|x64.Build.0 = Debug|Any CPU
		{763096AD-9D29-4893-94A6-BEA956B326B1}.Debug|x64.Deploy.0 = Debug|Any CPU
		{763096AD-9D29-4893-94A6-BEA956B326B1}.Debug|x86.ActiveCfg = Debug|Any CPU
		{763096AD-9D29-4893-94A6-BEA956B326B1}.Debug|x86.Build.0 = Debug|Any CPU
		{763096AD-9D29-4893-94A6-BEA956B326B1}.Debug|x86.Deploy.0 = Debug|Any CPU
		{763096AD-9D29-4893-94A6-BEA956B326B1}.Release|Any CPU.ActiveCfg = Release|Any CPU
		{763096AD-9D29-4893-94A6-BEA956B326B1}.Release|Any CPU.Build.0 = Release|Any CPU
		{763096AD-9D29-4893-94A6-BEA956B326B1}.Release|Any CPU.Deploy.0 = Release|Any CPU
		{763096AD-9D29-4893-94A6-BEA956B326B1}.Release|ARM.ActiveCfg = Release|Any CPU
		{763096AD-9D29-4893-94A6-BEA956B326B1}.Release|ARM.Build.0 = Release|Any CPU
		{763096AD-9D29-4893-94A6-BEA956B326B1}.Release|ARM.Deploy.0 = Release|Any CPU
		{763096AD-9D29-4893-94A6-BEA956B326B1}.Release|iPhone.ActiveCfg = Release|Any CPU
		{763096AD-9D29-4893-94A6-BEA956B326B1}.Release|iPhone.Build.0 = Release|Any CPU
		{763096AD-9D29-4893-94A6-BEA956B326B1}.Release|iPhone.Deploy.0 = Release|Any CPU
		{763096AD-9D29-4893-94A6-BEA956B326B1}.Release|iPhoneSimulator.ActiveCfg = Release|Any CPU
		{763096AD-9D29-4893-94A6-BEA956B326B1}.Release|iPhoneSimulator.Build.0 = Release|Any CPU
		{763096AD-9D29-4893-94A6-BEA956B326B1}.Release|iPhoneSimulator.Deploy.0 = Release|Any CPU
		{763096AD-9D29-4893-94A6-BEA956B326B1}.Release|x64.ActiveCfg = Release|Any CPU
		{763096AD-9D29-4893-94A6-BEA956B326B1}.Release|x64.Build.0 = Release|Any CPU
		{763096AD-9D29-4893-94A6-BEA956B326B1}.Release|x64.Deploy.0 = Release|Any CPU
		{763096AD-9D29-4893-94A6-BEA956B326B1}.Release|x86.ActiveCfg = Release|Any CPU
		{763096AD-9D29-4893-94A6-BEA956B326B1}.Release|x86.Build.0 = Release|Any CPU
		{763096AD-9D29-4893-94A6-BEA956B326B1}.Release|x86.Deploy.0 = Release|Any CPU
		{1A042CDF-DE12-419A-8160-E1E0D4E4EB38}.Debug|Any CPU.ActiveCfg = Debug|iPhoneSimulator
		{1A042CDF-DE12-419A-8160-E1E0D4E4EB38}.Debug|Any CPU.Build.0 = Debug|iPhoneSimulator
		{1A042CDF-DE12-419A-8160-E1E0D4E4EB38}.Debug|Any CPU.Deploy.0 = Debug|iPhoneSimulator
		{1A042CDF-DE12-419A-8160-E1E0D4E4EB38}.Debug|ARM.ActiveCfg = Debug|iPhone
		{1A042CDF-DE12-419A-8160-E1E0D4E4EB38}.Debug|ARM.Build.0 = Debug|iPhone
		{1A042CDF-DE12-419A-8160-E1E0D4E4EB38}.Debug|ARM.Deploy.0 = Debug|iPhone
		{1A042CDF-DE12-419A-8160-E1E0D4E4EB38}.Debug|iPhone.ActiveCfg = Debug|iPhone
		{1A042CDF-DE12-419A-8160-E1E0D4E4EB38}.Debug|iPhone.Build.0 = Debug|iPhone
		{1A042CDF-DE12-419A-8160-E1E0D4E4EB38}.Debug|iPhone.Deploy.0 = Debug|iPhone
		{1A042CDF-DE12-419A-8160-E1E0D4E4EB38}.Debug|iPhoneSimulator.ActiveCfg = Debug|iPhoneSimulator
		{1A042CDF-DE12-419A-8160-E1E0D4E4EB38}.Debug|iPhoneSimulator.Build.0 = Debug|iPhoneSimulator
		{1A042CDF-DE12-419A-8160-E1E0D4E4EB38}.Debug|iPhoneSimulator.Deploy.0 = Debug|iPhoneSimulator
		{1A042CDF-DE12-419A-8160-E1E0D4E4EB38}.Debug|x64.ActiveCfg = Debug|iPhoneSimulator
		{1A042CDF-DE12-419A-8160-E1E0D4E4EB38}.Debug|x64.Build.0 = Debug|iPhoneSimulator
		{1A042CDF-DE12-419A-8160-E1E0D4E4EB38}.Debug|x64.Deploy.0 = Debug|iPhoneSimulator
		{1A042CDF-DE12-419A-8160-E1E0D4E4EB38}.Debug|x86.ActiveCfg = Debug|iPhoneSimulator
		{1A042CDF-DE12-419A-8160-E1E0D4E4EB38}.Debug|x86.Build.0 = Debug|iPhoneSimulator
		{1A042CDF-DE12-419A-8160-E1E0D4E4EB38}.Debug|x86.Deploy.0 = Debug|iPhoneSimulator
		{1A042CDF-DE12-419A-8160-E1E0D4E4EB38}.Release|Any CPU.ActiveCfg = Release|iPhoneSimulator
		{1A042CDF-DE12-419A-8160-E1E0D4E4EB38}.Release|Any CPU.Build.0 = Release|iPhoneSimulator
		{1A042CDF-DE12-419A-8160-E1E0D4E4EB38}.Release|Any CPU.Deploy.0 = Release|iPhoneSimulator
		{1A042CDF-DE12-419A-8160-E1E0D4E4EB38}.Release|ARM.ActiveCfg = Release|iPhoneSimulator
		{1A042CDF-DE12-419A-8160-E1E0D4E4EB38}.Release|ARM.Build.0 = Release|iPhoneSimulator
		{1A042CDF-DE12-419A-8160-E1E0D4E4EB38}.Release|ARM.Deploy.0 = Release|iPhoneSimulator
		{1A042CDF-DE12-419A-8160-E1E0D4E4EB38}.Release|iPhone.ActiveCfg = Release|iPhone
		{1A042CDF-DE12-419A-8160-E1E0D4E4EB38}.Release|iPhone.Build.0 = Release|iPhone
		{1A042CDF-DE12-419A-8160-E1E0D4E4EB38}.Release|iPhone.Deploy.0 = Release|iPhone
		{1A042CDF-DE12-419A-8160-E1E0D4E4EB38}.Release|iPhoneSimulator.ActiveCfg = Release|iPhoneSimulator
		{1A042CDF-DE12-419A-8160-E1E0D4E4EB38}.Release|iPhoneSimulator.Build.0 = Release|iPhoneSimulator
		{1A042CDF-DE12-419A-8160-E1E0D4E4EB38}.Release|iPhoneSimulator.Deploy.0 = Release|iPhoneSimulator
		{1A042CDF-DE12-419A-8160-E1E0D4E4EB38}.Release|x64.ActiveCfg = Release|iPhoneSimulator
		{1A042CDF-DE12-419A-8160-E1E0D4E4EB38}.Release|x64.Build.0 = Release|iPhoneSimulator
		{1A042CDF-DE12-419A-8160-E1E0D4E4EB38}.Release|x64.Deploy.0 = Release|iPhoneSimulator
		{1A042CDF-DE12-419A-8160-E1E0D4E4EB38}.Release|x86.ActiveCfg = Release|iPhoneSimulator
		{1A042CDF-DE12-419A-8160-E1E0D4E4EB38}.Release|x86.Build.0 = Release|iPhoneSimulator
		{1A042CDF-DE12-419A-8160-E1E0D4E4EB38}.Release|x86.Deploy.0 = Release|iPhoneSimulator
		{3F1A7FDA-7C7B-4F74-814D-2048AF705618}.Debug|Any CPU.ActiveCfg = Debug|Any CPU
		{3F1A7FDA-7C7B-4F74-814D-2048AF705618}.Debug|Any CPU.Build.0 = Debug|Any CPU
		{3F1A7FDA-7C7B-4F74-814D-2048AF705618}.Debug|Any CPU.Deploy.0 = Debug|Any CPU
		{3F1A7FDA-7C7B-4F74-814D-2048AF705618}.Debug|ARM.ActiveCfg = Debug|Any CPU
		{3F1A7FDA-7C7B-4F74-814D-2048AF705618}.Debug|ARM.Build.0 = Debug|Any CPU
		{3F1A7FDA-7C7B-4F74-814D-2048AF705618}.Debug|ARM.Deploy.0 = Debug|Any CPU
		{3F1A7FDA-7C7B-4F74-814D-2048AF705618}.Debug|iPhone.ActiveCfg = Debug|Any CPU
		{3F1A7FDA-7C7B-4F74-814D-2048AF705618}.Debug|iPhone.Build.0 = Debug|Any CPU
		{3F1A7FDA-7C7B-4F74-814D-2048AF705618}.Debug|iPhone.Deploy.0 = Debug|Any CPU
		{3F1A7FDA-7C7B-4F74-814D-2048AF705618}.Debug|iPhoneSimulator.ActiveCfg = Debug|Any CPU
		{3F1A7FDA-7C7B-4F74-814D-2048AF705618}.Debug|iPhoneSimulator.Build.0 = Debug|Any CPU
		{3F1A7FDA-7C7B-4F74-814D-2048AF705618}.Debug|iPhoneSimulator.Deploy.0 = Debug|Any CPU
		{3F1A7FDA-7C7B-4F74-814D-2048AF705618}.Debug|x64.ActiveCfg = Debug|Any CPU
		{3F1A7FDA-7C7B-4F74-814D-2048AF705618}.Debug|x64.Build.0 = Debug|Any CPU
		{3F1A7FDA-7C7B-4F74-814D-2048AF705618}.Debug|x64.Deploy.0 = Debug|Any CPU
		{3F1A7FDA-7C7B-4F74-814D-2048AF705618}.Debug|x86.ActiveCfg = Debug|Any CPU
		{3F1A7FDA-7C7B-4F74-814D-2048AF705618}.Debug|x86.Build.0 = Debug|Any CPU
		{3F1A7FDA-7C7B-4F74-814D-2048AF705618}.Debug|x86.Deploy.0 = Debug|Any CPU
		{3F1A7FDA-7C7B-4F74-814D-2048AF705618}.Release|Any CPU.ActiveCfg = Release|Any CPU
		{3F1A7FDA-7C7B-4F74-814D-2048AF705618}.Release|Any CPU.Build.0 = Release|Any CPU
		{3F1A7FDA-7C7B-4F74-814D-2048AF705618}.Release|Any CPU.Deploy.0 = Release|Any CPU
		{3F1A7FDA-7C7B-4F74-814D-2048AF705618}.Release|ARM.ActiveCfg = Release|Any CPU
		{3F1A7FDA-7C7B-4F74-814D-2048AF705618}.Release|ARM.Build.0 = Release|Any CPU
		{3F1A7FDA-7C7B-4F74-814D-2048AF705618}.Release|ARM.Deploy.0 = Release|Any CPU
		{3F1A7FDA-7C7B-4F74-814D-2048AF705618}.Release|iPhone.ActiveCfg = Release|Any CPU
		{3F1A7FDA-7C7B-4F74-814D-2048AF705618}.Release|iPhone.Build.0 = Release|Any CPU
		{3F1A7FDA-7C7B-4F74-814D-2048AF705618}.Release|iPhone.Deploy.0 = Release|Any CPU
		{3F1A7FDA-7C7B-4F74-814D-2048AF705618}.Release|iPhoneSimulator.ActiveCfg = Release|Any CPU
		{3F1A7FDA-7C7B-4F74-814D-2048AF705618}.Release|iPhoneSimulator.Build.0 = Release|Any CPU
		{3F1A7FDA-7C7B-4F74-814D-2048AF705618}.Release|iPhoneSimulator.Deploy.0 = Release|Any CPU
		{3F1A7FDA-7C7B-4F74-814D-2048AF705618}.Release|x64.ActiveCfg = Release|Any CPU
		{3F1A7FDA-7C7B-4F74-814D-2048AF705618}.Release|x64.Build.0 = Release|Any CPU
		{3F1A7FDA-7C7B-4F74-814D-2048AF705618}.Release|x64.Deploy.0 = Release|Any CPU
		{3F1A7FDA-7C7B-4F74-814D-2048AF705618}.Release|x86.ActiveCfg = Release|Any CPU
		{3F1A7FDA-7C7B-4F74-814D-2048AF705618}.Release|x86.Build.0 = Release|Any CPU
		{3F1A7FDA-7C7B-4F74-814D-2048AF705618}.Release|x86.Deploy.0 = Release|Any CPU
	EndGlobalSection
	GlobalSection(SolutionProperties) = preSolution
		HideSolutionNode = FALSE
	EndGlobalSection
	GlobalSection(ExtensibilityGlobals) = postSolution
		SolutionGuid = {4D482641-46AD-4FA9-B44F-E9CD310722AF}
	EndGlobalSection
EndGlobal
